
Microsoft Visual Studio Solution File, Format Version 12.00
# Visual Studio Version 17
VisualStudioVersion = 17.5.002.0
MinimumVisualStudioVersion = 10.0.40219.1
Project("{9A19103F-16F7-4668-BE54-9A1E7A4F7556}") = "Q_04", "Q_04.csproj", "{9AFB2161-0F31-4B29-8BB2-96EE46195CB7}"
EndProject
Global
	GlobalSection(SolutionConfigurationPlatforms) = preSolution
		Debug|Any CPU = Debug|Any CPU
		Release|Any CPU = Release|Any CPU
	EndGlobalSection
	GlobalSection(ProjectConfigurationPlatforms) = postSolution
		{9AFB2161-0F31-4B29-8BB2-96EE46195CB7}.Debug|Any CPU.ActiveCfg = Debug|Any CPU
		{9AFB2161-0F31-4B29-8BB2-96EE46195CB7}.Debug|Any CPU.Build.0 = Debug|Any CPU
		{9AFB2161-0F31-4B29-8BB2-96EE46195CB7}.Release|Any CPU.ActiveCfg = Release|Any CPU
		{9AFB2161-0F31-4B29-8BB2-96EE46195CB7}.Release|Any CPU.Build.0 = Release|Any CPU
	EndGlobalSection
	GlobalSection(SolutionProperties) = preSolution
		HideSolutionNode = FALSE
	EndGlobalSection
	GlobalSection(ExtensibilityGlobals) = postSolution
		SolutionGuid = {3018DC36-C06C-400A-A751-2A5205433CAF}
	EndGlobalSection
EndGlobal
