
Microsoft Visual Studio Solution File, Format Version 12.00
# Visual Studio Version 17
VisualStudioVersion = 17.5.002.0
MinimumVisualStudioVersion = 10.0.40219.1
Project("{9A19103F-16F7-4668-BE54-9A1E7A4F7556}") = "Q_03", "Q_03.csproj", "{17515549-A0EB-4AE3-9485-35C55E6554E1}"
EndProject
Global
	GlobalSection(SolutionConfigurationPlatforms) = preSolution
		Debug|Any CPU = Debug|Any CPU
		Release|Any CPU = Release|Any CPU
	EndGlobalSection
	GlobalSection(ProjectConfigurationPlatforms) = postSolution
		{17515549-A0EB-4AE3-9485-35C55E6554E1}.Debug|Any CPU.ActiveCfg = Debug|Any CPU
		{17515549-A0EB-4AE3-9485-35C55E6554E1}.Debug|Any CPU.Build.0 = Debug|Any CPU
		{17515549-A0EB-4AE3-9485-35C55E6554E1}.Release|Any CPU.ActiveCfg = Release|Any CPU
		{17515549-A0EB-4AE3-9485-35C55E6554E1}.Release|Any CPU.Build.0 = Release|Any CPU
	EndGlobalSection
	GlobalSection(SolutionProperties) = preSolution
		HideSolutionNode = FALSE
	EndGlobalSection
	GlobalSection(ExtensibilityGlobals) = postSolution
		SolutionGuid = {ED0363B0-9887-47CC-9D77-D31D05ABDC6F}
	EndGlobalSection
EndGlobal
